
Microsoft Visual Studio Solution File, Format Version 12.00
# Visual Studio 15
Project("{FAE04EC0-301F-11D3-BF4B-00C04F79EFBC}") = "Assembly-CSharp", "Assembly-CSharp.csproj", "{FD71D127-D1F8-7155-B6DE-22EA7F9AE26D}"
EndProject
Project("{FAE04EC0-301F-11D3-BF4B-00C04F79EFBC}") = "Assembly-CSharp-Editor", "Assembly-CSharp-Editor.csproj", "{785F89F7-6895-2B43-7360-663D43A5BB32}"
EndProject
Global
	GlobalSection(SolutionConfigurationPlatforms) = preSolution
		Debug|Any CPU = Debug|Any CPU
		Release|Any CPU = Release|Any CPU
	EndGlobalSection
	GlobalSection(ProjectConfigurationPlatforms) = postSolution
		{FD71D127-D1F8-7155-B6DE-22EA7F9AE26D}.Debug|Any CPU.ActiveCfg = Debug|Any CPU
		{FD71D127-D1F8-7155-B6DE-22EA7F9AE26D}.Debug|Any CPU.Build.0 = Debug|Any CPU
		{FD71D127-D1F8-7155-B6DE-22EA7F9AE26D}.Release|Any CPU.ActiveCfg = Release|Any CPU
		{FD71D127-D1F8-7155-B6DE-22EA7F9AE26D}.Release|Any CPU.Build.0 = Release|Any CPU
		{785F89F7-6895-2B43-7360-663D43A5BB32}.Debug|Any CPU.ActiveCfg = Debug|Any CPU
		{785F89F7-6895-2B43-7360-663D43A5BB32}.Debug|Any CPU.Build.0 = Debug|Any CPU
		{785F89F7-6895-2B43-7360-663D43A5BB32}.Release|Any CPU.ActiveCfg = Release|Any CPU
		{785F89F7-6895-2B43-7360-663D43A5BB32}.Release|Any CPU.Build.0 = Release|Any CPU
	EndGlobalSection
	GlobalSection(SolutionProperties) = preSolution
		HideSolutionNode = FALSE
	EndGlobalSection
EndGlobal
